<?xml version="1.0" encoding="utf-8"?>
<Project ToolsVersion="4.0" xmlns="http://schemas.microsoft.com/developer/msbuild/2003">
  <ItemGroup>
    <Filter Include="Source Files">
      <UniqueIdentifier>{4FC737F1-C7A5-4376-A066-2A32D752A2FF}</UniqueIdentifier>
      <Extensions>cpp;c;cc;cxx;c++;cppm;ixx;def;odl;idl;hpj;bat;asm;asmx</Extensions>
    </Filter>
    <Filter Include="Header Files">
      <UniqueIdentifier>{93995380-89BD-4b04-88EB-625FBE52EBFB}</UniqueIdentifier>
      <Extensions>h;hh;hpp;hxx;h++;hm;inl;inc;ipp;xsd</Extensions>
    </Filter>
    <Filter Include="Resource Files">
      <UniqueIdentifier>{67DA6AB6-F800-4c08-8B7A-83BB121AAD01}</UniqueIdentifier>
      <Extensions>rc;ico;cur;bmp;dlg;rc2;rct;bin;rgs;gif;jpg;jpeg;jpe;resx;tiff;tif;png;wav;mfcribbon-ms</Extensions>
    </Filter>
  </ItemGroup>
  <ItemGroup>
    <ClInclude Include="include\aa.h">
      <Filter>Header Files</Filter>
    </ClInclude>
    <ClInclude Include="include\aeng.h">
      <Filter>Header Files</Filter>
    </ClInclude>
    <ClInclude Include="include\BreakTimer.h">
      <Filter>Header Files</Filter>
    </ClInclude>
    <ClInclude Include="include\Bucket.h">
      <Filter>Header Files</Filter>
    </ClInclude>
    <ClInclude Include="include\build.h">
      <Filter>Header Files</Filter>
    </ClInclude>
    <ClInclude Include="include\comp.h">
      <Filter>Header Files</Filter>
    </ClInclude>
    <ClInclude Include="include\cone.h">
      <Filter>Header Files</Filter>
    </ClInclude>
    <ClInclude Include="include\console.h">
      <Filter>Header Files</Filter>
    </ClInclude>
    <ClInclude Include="include\Crinkle.h">
      <Filter>Header Files</Filter>
    </ClInclude>
    <ClInclude Include="include\DCback.h">
      <Filter>Header Files</Filter>
    </ClInclude>
    <ClInclude Include="include\DCcredits.h">
      <Filter>Header Files</Filter>
    </ClInclude>
    <ClInclude Include="include\DCfont.h">
      <Filter>Header Files</Filter>
    </ClInclude>
    <ClInclude Include="include\DCos.h">
      <Filter>Header Files</Filter>
    </ClInclude>
    <ClInclude Include="include\DrawXtra.h">
      <Filter>Header Files</Filter>
    </ClInclude>
    <ClInclude Include="include\Engine.h">
      <Filter>Header Files</Filter>
    </ClInclude>
    <ClInclude Include="include\facet.h">
      <Filter>Header Files</Filter>
    </ClInclude>
    <ClInclude Include="include\fall.h">
      <Filter>Header Files</Filter>
    </ClInclude>
    <ClInclude Include="include\farfacet.h">
      <Filter>Header Files</Filter>
    </ClInclude>
    <ClInclude Include="include\fastprim.h">
      <Filter>Header Files</Filter>
    </ClInclude>
    <ClInclude Include="include\figure.h">
      <Filter>Header Files</Filter>
    </ClInclude>
    <ClInclude Include="include\flamengine.h">
      <Filter>Header Files</Filter>
    </ClInclude>
    <ClInclude Include="include\Font.h">
      <Filter>Header Files</Filter>
    </ClInclude>
    <ClInclude Include="include\font2d.h">
      <Filter>Header Files</Filter>
    </ClInclude>
    <ClInclude Include="include\font3d.h">
      <Filter>Header Files</Filter>
    </ClInclude>
    <ClInclude Include="include\Gamut.h">
      <Filter>Header Files</Filter>
    </ClInclude>
    <ClInclude Include="include\ic.h">
      <Filter>Header Files</Filter>
    </ClInclude>
    <ClInclude Include="include\map.h">
      <Filter>Header Files</Filter>
    </ClInclude>
    <ClInclude Include="include\Matrix.h">
      <Filter>Header Files</Filter>
    </ClInclude>
    <ClInclude Include="include\menufont.h">
      <Filter>Header Files</Filter>
    </ClInclude>
    <ClInclude Include="include\mesh.h">
      <Filter>Header Files</Filter>
    </ClInclude>
    <ClInclude Include="include\Message.h">
      <Filter>Header Files</Filter>
    </ClInclude>
    <ClInclude Include="include\NGamut.h">
      <Filter>Header Files</Filter>
    </ClInclude>
    <ClInclude Include="include\oval.h">
      <Filter>Header Files</Filter>
    </ClInclude>
    <ClInclude Include="include\panel.h">
      <Filter>Header Files</Filter>
    </ClInclude>
    <ClInclude Include="include\planmap.h">
      <Filter>Header Files</Filter>
    </ClInclude>
    <ClInclude Include="include\poly.h">
      <Filter>Header Files</Filter>
    </ClInclude>
    <ClInclude Include="include\polypage.h">
      <Filter>Header Files</Filter>
    </ClInclude>
    <ClInclude Include="include\polypoint.h">
      <Filter>Header Files</Filter>
    </ClInclude>
    <ClInclude Include="include\qeng.h">
      <Filter>Header Files</Filter>
    </ClInclude>
    <ClInclude Include="include\Quaternion.h">
      <Filter>Header Files</Filter>
    </ClInclude>
    <ClInclude Include="include\ray.h">
      <Filter>Header Files</Filter>
    </ClInclude>
    <ClInclude Include="include\renderstate.h">
      <Filter>Header Files</Filter>
    </ClInclude>
    <ClInclude Include="include\shape.h">
      <Filter>Header Files</Filter>
    </ClInclude>
    <ClInclude Include="include\sky.h">
      <Filter>Header Files</Filter>
    </ClInclude>
    <ClInclude Include="include\smap.h">
      <Filter>Header Files</Filter>
    </ClInclude>
    <ClInclude Include="include\sprite.h">
      <Filter>Header Files</Filter>
    </ClInclude>
    <ClInclude Include="include\supercrinkle.h">
      <Filter>Header Files</Filter>
    </ClInclude>
    <ClInclude Include="include\superfacet.h">
      <Filter>Header Files</Filter>
    </ClInclude>
    <ClInclude Include="include\sw.h">
      <Filter>Header Files</Filter>
    </ClInclude>
    <ClInclude Include="include\Text.h">
      <Filter>Header Files</Filter>
    </ClInclude>
    <ClInclude Include="include\texture.h">
      <Filter>Header Files</Filter>
    </ClInclude>
    <ClInclude Include="include\truetype.h">
      <Filter>Header Files</Filter>
    </ClInclude>
    <ClInclude Include="include\vertexbuffer.h">
      <Filter>Header Files</Filter>
    </ClInclude>
    <ClInclude Include="include\wibble.h">
      <Filter>Header Files</Filter>
    </ClInclude>
  </ItemGroup>
  <ItemGroup>
    <ClCompile Include="src\aa.cpp">
      <Filter>Source Files</Filter>
    </ClCompile>
    <ClCompile Include="src\aeng.cpp">
      <Filter>Source Files</Filter>
    </ClCompile>
    <ClCompile Include="src\Attract.cpp">
      <Filter>Source Files</Filter>
    </ClCompile>
    <ClCompile Include="src\BreakTimer.cpp">
      <Filter>Source Files</Filter>
    </ClCompile>
    <ClCompile Include="src\Bucket.cpp">
      <Filter>Source Files</Filter>
    </ClCompile>
    <ClCompile Include="src\build.cpp">
      <Filter>Source Files</Filter>
    </ClCompile>
    <ClCompile Include="src\comp.cpp">
      <Filter>Source Files</Filter>
    </ClCompile>
    <ClCompile Include="src\cone.cpp">
      <Filter>Source Files</Filter>
    </ClCompile>
    <ClCompile Include="src\console.cpp">
      <Filter>Source Files</Filter>
    </ClCompile>
    <ClCompile Include="src\Crinkle.cpp">
      <Filter>Source Files</Filter>
    </ClCompile>
    <ClCompile Include="src\DCback.cpp">
      <Filter>Source Files</Filter>
    </ClCompile>
    <ClCompile Include="src\DCcredits.cpp">
      <Filter>Source Files</Filter>
    </ClCompile>
    <ClCompile Include="src\DCfont.cpp">
      <Filter>Source Files</Filter>
    </ClCompile>
    <ClCompile Include="src\DCos.cpp">
      <Filter>Source Files</Filter>
    </ClCompile>
    <ClCompile Include="src\drawxtra.cpp">
      <Filter>Source Files</Filter>
    </ClCompile>
    <ClCompile Include="src\engineMap.cpp">
      <Filter>Source Files</Filter>
    </ClCompile>
    <ClCompile Include="src\facet.cpp">
      <Filter>Source Files</Filter>
    </ClCompile>
    <ClCompile Include="src\farfacet.cpp">
      <Filter>Source Files</Filter>
    </ClCompile>
    <ClCompile Include="src\fastprim.cpp">
      <Filter>Source Files</Filter>
    </ClCompile>
    <ClCompile Include="src\figure.cpp">
      <Filter>Source Files</Filter>
    </ClCompile>
    <ClCompile Include="src\flamengine.cpp">
      <Filter>Source Files</Filter>
    </ClCompile>
    <ClCompile Include="src\Font.cpp">
      <Filter>Source Files</Filter>
    </ClCompile>
    <ClCompile Include="src\font2d.cpp">
      <Filter>Source Files</Filter>
    </ClCompile>
    <ClCompile Include="src\font3d.cpp">
      <Filter>Source Files</Filter>
    </ClCompile>
    <ClCompile Include="src\Gamut.cpp">
      <Filter>Source Files</Filter>
    </ClCompile>
    <ClCompile Include="src\ic.cpp">
      <Filter>Source Files</Filter>
    </ClCompile>
    <ClCompile Include="src\Matrix.cpp">
      <Filter>Source Files</Filter>
    </ClCompile>
    <ClCompile Include="src\menufont.cpp">
      <Filter>Source Files</Filter>
    </ClCompile>
    <ClCompile Include="src\mesh.cpp">
      <Filter>Source Files</Filter>
    </ClCompile>
    <ClCompile Include="src\Message.cpp">
      <Filter>Source Files</Filter>
    </ClCompile>
    <ClCompile Include="src\NGamut.cpp">
      <Filter>Source Files</Filter>
    </ClCompile>
    <ClCompile Include="src\oval.cpp">
      <Filter>Source Files</Filter>
    </ClCompile>
    <ClCompile Include="src\panel.cpp">
      <Filter>Source Files</Filter>
    </ClCompile>
    <ClCompile Include="src\planmap.cpp">
      <Filter>Source Files</Filter>
    </ClCompile>
    <ClCompile Include="src\poly.cpp">
      <Filter>Source Files</Filter>
    </ClCompile>
    <ClCompile Include="src\polypage.cpp">
      <Filter>Source Files</Filter>
    </ClCompile>
    <ClCompile Include="src\polypoint.cpp">
      <Filter>Source Files</Filter>
    </ClCompile>
    <ClCompile Include="src\polyrenderstate.cpp">
      <Filter>Source Files</Filter>
    </ClCompile>
    <ClCompile Include="src\qeng.cpp">
      <Filter>Source Files</Filter>
    </ClCompile>
    <ClCompile Include="src\Quaternion.cpp">
      <Filter>Source Files</Filter>
    </ClCompile>
    <ClCompile Include="src\ray.cpp">
      <Filter>Source Files</Filter>
    </ClCompile>
    <ClCompile Include="src\renderstate.cpp">
      <Filter>Source Files</Filter>
    </ClCompile>
    <ClCompile Include="src\shape.cpp">
      <Filter>Source Files</Filter>
    </ClCompile>
    <ClCompile Include="src\sky.cpp">
      <Filter>Source Files</Filter>
    </ClCompile>
    <ClCompile Include="src\smap.cpp">
      <Filter>Source Files</Filter>
    </ClCompile>
    <ClCompile Include="src\sprite.cpp">
      <Filter>Source Files</Filter>
    </ClCompile>
    <ClCompile Include="src\supercrinkle.cpp">
      <Filter>Source Files</Filter>
    </ClCompile>
    <ClCompile Include="src\superfacet.cpp">
      <Filter>Source Files</Filter>
    </ClCompile>
    <ClCompile Include="src\sw.cpp">
      <Filter>Source Files</Filter>
    </ClCompile>
    <ClCompile Include="src\Temp.cpp">
      <Filter>Source Files</Filter>
    </ClCompile>
    <ClCompile Include="src\Text.cpp">
      <Filter>Source Files</Filter>
    </ClCompile>
    <ClCompile Include="src\texture.cpp">
      <Filter>Source Files</Filter>
    </ClCompile>
    <ClCompile Include="src\tom.cpp">
      <Filter>Source Files</Filter>
    </ClCompile>
    <ClCompile Include="src\truetype.cpp">
      <Filter>Source Files</Filter>
    </ClCompile>
    <ClCompile Include="src\vertexbuffer.cpp">
      <Filter>Source Files</Filter>
    </ClCompile>
    <ClCompile Include="src\wibble.cpp">
      <Filter>Source Files</Filter>
    </ClCompile>
  </ItemGroup>
</Project>